
Microsoft Visual Studio Solution File, Format Version 12.00
# Visual Studio 15
VisualStudioVersion = 15.0.28307.329
MinimumVisualStudioVersion = 10.0.40219.1
Project("{2150E333-8FDC-42A3-9474-1A3956D46DE8}") = "Solution Items", "Solution Items", "{0629C53C-13B6-4DE2-8865-A32ED330C8EA}"
	ProjectSection(SolutionItems) = preProject
		ReadMe.md = ReadMe.md
	EndProjectSection
EndProject
Project("{9A19103F-16F7-4668-BE54-9A1E7A4F7556}") = "MyLambda", "MyLambda\MyLambda.csproj", "{39CE56C5-5EBC-4C09-9F71-143CC7781480}"
EndProject
Project("{FAE04EC0-301F-11D3-BF4B-00C04F79EFBC}") = "MyLambda.Entities", "MyLambda.Entities\MyLambda.Entities.csproj", "{BC40FDD4-4DE9-4670-8152-14B5BA74683D}"
EndProject
Project("{9A19103F-16F7-4668-BE54-9A1E7A4F7556}") = "MyServerlessApi", "MyServerlessApi\MyServerlessApi.csproj", "{CBE4FD5E-42AE-4D77-8A21-51FE8219580D}"
EndProject
Global
	GlobalSection(SolutionConfigurationPlatforms) = preSolution
		Debug|Any CPU = Debug|Any CPU
		Release|Any CPU = Release|Any CPU
	EndGlobalSection
	GlobalSection(ProjectConfigurationPlatforms) = postSolution
		{39CE56C5-5EBC-4C09-9F71-143CC7781480}.Debug|Any CPU.ActiveCfg = Debug|Any CPU
		{39CE56C5-5EBC-4C09-9F71-143CC7781480}.Debug|Any CPU.Build.0 = Debug|Any CPU
		{39CE56C5-5EBC-4C09-9F71-143CC7781480}.Release|Any CPU.ActiveCfg = Release|Any CPU
		{39CE56C5-5EBC-4C09-9F71-143CC7781480}.Release|Any CPU.Build.0 = Release|Any CPU
		{BC40FDD4-4DE9-4670-8152-14B5BA74683D}.Debug|Any CPU.ActiveCfg = Debug|Any CPU
		{BC40FDD4-4DE9-4670-8152-14B5BA74683D}.Debug|Any CPU.Build.0 = Debug|Any CPU
		{BC40FDD4-4DE9-4670-8152-14B5BA74683D}.Release|Any CPU.ActiveCfg = Release|Any CPU
		{BC40FDD4-4DE9-4670-8152-14B5BA74683D}.Release|Any CPU.Build.0 = Release|Any CPU
		{CBE4FD5E-42AE-4D77-8A21-51FE8219580D}.Debug|Any CPU.ActiveCfg = Debug|Any CPU
		{CBE4FD5E-42AE-4D77-8A21-51FE8219580D}.Debug|Any CPU.Build.0 = Debug|Any CPU
		{CBE4FD5E-42AE-4D77-8A21-51FE8219580D}.Release|Any CPU.ActiveCfg = Release|Any CPU
		{CBE4FD5E-42AE-4D77-8A21-51FE8219580D}.Release|Any CPU.Build.0 = Release|Any CPU
	EndGlobalSection
	GlobalSection(SolutionProperties) = preSolution
		HideSolutionNode = FALSE
	EndGlobalSection
	GlobalSection(ExtensibilityGlobals) = postSolution
		SolutionGuid = {9E4A90C3-6070-4239-A8E9-728D9DB12133}
	EndGlobalSection
EndGlobal
